{
  "object": {
    "pins": [
      {
        "package": "MapboxCommon",
        "repositoryURL": "git@github.com:mapbox/mapbox-common-ios.git",
        "state": {
          "branch": null,
          "revision": "7af055e8f7f4ba0b805704d4a31c250b998193c9",
          "version": "10.0.0-beta.6"
        }
      }
    ]
  },
  "version": 1
}
